# This file is automatically @generated by Cargo.
# It is not intended for manual editing.
[[package]]
name = "minirust"
version = "0.1.0"
dependencies = [
 "ungrammar",
]

[[package]]
name = "ungrammar"
version = "1.1.4"
source = "registry+https://github.com/rust-lang/crates.io-index"
checksum = "df0cd89993af555540e2436fc6adb8479b0dbe386339a136397952e9c89e17a9"
